
Microsoft Visual Studio Solution File, Format Version 12.00
# Visual Studio 15
VisualStudioVersion = 15.0.26730.16
MinimumVisualStudioVersion = 10.0.40219.1
Project("{FAE04EC0-301F-11D3-BF4B-00C04F79EFBC}") = "search", "search\search.csproj", "{5BC7DB0F-46A2-474B-8439-414333DC44C2}"
EndProject
Global
	GlobalSection(SolutionConfigurationPlatforms) = preSolution
		Debug|Any CPU = Debug|Any CPU
		Release|Any CPU = Release|Any CPU
	EndGlobalSection
	GlobalSection(ProjectConfigurationPlatforms) = postSolution
		{5BC7DB0F-46A2-474B-8439-414333DC44C2}.Debug|Any CPU.ActiveCfg = Debug|Any CPU
		{5BC7DB0F-46A2-474B-8439-414333DC44C2}.Debug|Any CPU.Build.0 = Debug|Any CPU
		{5BC7DB0F-46A2-474B-8439-414333DC44C2}.Release|Any CPU.ActiveCfg = Release|Any CPU
		{5BC7DB0F-46A2-474B-8439-414333DC44C2}.Release|Any CPU.Build.0 = Release|Any CPU
	EndGlobalSection
	GlobalSection(SolutionProperties) = preSolution
		HideSolutionNode = FALSE
	EndGlobalSection
	GlobalSection(ExtensibilityGlobals) = postSolution
		SolutionGuid = {FE88B418-3BDD-4E29-9D4F-4BCBA1F264A5}
	EndGlobalSection
EndGlobal
